
Microsoft Visual Studio Solution File, Format Version 12.00
# Visual Studio Version 17
VisualStudioVersion = 17.11.35303.130
MinimumVisualStudioVersion = 10.0.40219.1
Project("{FAE04EC0-301F-11D3-BF4B-00C04F79EFBC}") = "ECommerceFashion", "ECommerceFashion.csproj", "{4E774EEA-8D08-4C33-ADF0-DC12FECDAAD4}"
EndProject
Project("{FAE04EC0-301F-11D3-BF4B-00C04F79EFBC}") = "DataAccessLayer", "..\DataAccessLayer\DataAccessLayer.csproj", "{3EE50B7C-EB8C-4E59-BDB8-96158DF4115A}"
EndProject
Global
	GlobalSection(SolutionConfigurationPlatforms) = preSolution
		Debug|Any CPU = Debug|Any CPU
		Release|Any CPU = Release|Any CPU
	EndGlobalSection
	GlobalSection(ProjectConfigurationPlatforms) = postSolution
		{4E774EEA-8D08-4C33-ADF0-DC12FECDAAD4}.Debug|Any CPU.ActiveCfg = Debug|Any CPU
		{4E774EEA-8D08-4C33-ADF0-DC12FECDAAD4}.Debug|Any CPU.Build.0 = Debug|Any CPU
		{4E774EEA-8D08-4C33-ADF0-DC12FECDAAD4}.Release|Any CPU.ActiveCfg = Release|Any CPU
		{4E774EEA-8D08-4C33-ADF0-DC12FECDAAD4}.Release|Any CPU.Build.0 = Release|Any CPU
		{3EE50B7C-EB8C-4E59-BDB8-96158DF4115A}.Debug|Any CPU.ActiveCfg = Debug|Any CPU
		{3EE50B7C-EB8C-4E59-BDB8-96158DF4115A}.Debug|Any CPU.Build.0 = Debug|Any CPU
		{3EE50B7C-EB8C-4E59-BDB8-96158DF4115A}.Release|Any CPU.ActiveCfg = Release|Any CPU
		{3EE50B7C-EB8C-4E59-BDB8-96158DF4115A}.Release|Any CPU.Build.0 = Release|Any CPU
	EndGlobalSection
	GlobalSection(SolutionProperties) = preSolution
		HideSolutionNode = FALSE
	EndGlobalSection
	GlobalSection(ExtensibilityGlobals) = postSolution
		SolutionGuid = {D85505F5-053F-4AFD-9EEB-88F1A4BA0B33}
	EndGlobalSection
EndGlobal
